// !$*UTF8*$!
{
	archiveVersion = 1;
	classes = {
	};
	objectVersion = 46;
	objects = {

/* Begin PBXBuildFile section */
		3957D2FBE114472B9DB3C0C0 /* libPods.a in Frameworks */ = {isa = PBXBuildFile; fileRef = C6CE10B312624C739E1FC7F1 /* libPods.a */; };
		C727658218C0317F00994F96 /* CollectionViewController.m in Sources */ = {isa = PBXBuildFile; fileRef = C727658118C0317F00994F96 /* CollectionViewController.m */; };
		C727658518C0320E00994F96 /* CollectionCell.m in Sources */ = {isa = PBXBuildFile; fileRef = C727658418C0320E00994F96 /* CollectionCell.m */; };
		C727658818C033ED00994F96 /* UltraCollectionViewLayout.m in Sources */ = {isa = PBXBuildFile; fileRef = C727658718C033ED00994F96 /* UltraCollectionViewLayout.m */; };
		C727658B18C0724B00994F96 /* CollectionFooterView.m in Sources */ = {isa = PBXBuildFile; fileRef = C727658A18C0724B00994F96 /* CollectionFooterView.m */; };
		C7BDF32418B213B0003A1B9E /* Foundation.framework in Frameworks */ = {isa = PBXBuildFile; fileRef = C7BDF32318B213B0003A1B9E /* Foundation.framework */; };
		C7BDF32618B213B0003A1B9E /* CoreGraphics.framework in Frameworks */ = {isa = PBXBuildFile; fileRef = C7BDF32518B213B0003A1B9E /* CoreGraphics.framework */; };
		C7BDF32818B213B0003A1B9E /* UIKit.framework in Frameworks */ = {isa = PBXBuildFile; fileRef = C7BDF32718B213B0003A1B9E /* UIKit.framework */; };
		C7BDF32E18B213B0003A1B9E /* InfoPlist.strings in Resources */ = {isa = PBXBuildFile; fileRef = C7BDF32C18B213B0003A1B9E /* InfoPlist.strings */; };
		C7BDF33018B213B0003A1B9E /* main.m in Sources */ = {isa = PBXBuildFile; fileRef = C7BDF32F18B213B0003A1B9E /* main.m */; };
		C7BDF33418B213B0003A1B9E /* AppDelegate.m in Sources */ = {isa = PBXBuildFile; fileRef = C7BDF33318B213B0003A1B9E /* AppDelegate.m */; };
		C7BDF33618B213B0003A1B9E /* Images.xcassets in Resources */ = {isa = PBXBuildFile; fileRef = C7BDF33518B213B0003A1B9E /* Images.xcassets */; };
		C7BDF33D18B213B0003A1B9E /* XCTest.framework in Frameworks */ = {isa = PBXBuildFile; fileRef = C7BDF33C18B213B0003A1B9E /* XCTest.framework */; };
		C7BDF33E18B213B0003A1B9E /* Foundation.framework in Frameworks */ = {isa = PBXBuildFile; fileRef = C7BDF32318B213B0003A1B9E /* Foundation.framework */; };
		C7BDF33F18B213B0003A1B9E /* UIKit.framework in Frameworks */ = {isa = PBXBuildFile; fileRef = C7BDF32718B213B0003A1B9E /* UIKit.framework */; };
		C7BDF34718B213B0003A1B9E /* InfoPlist.strings in Resources */ = {isa = PBXBuildFile; fileRef = C7BDF34518B213B0003A1B9E /* InfoPlist.strings */; };
		C7BDF34918B213B0003A1B9E /* BestEffectTests.m in Sources */ = {isa = PBXBuildFile; fileRef = C7BDF34818B213B0003A1B9E /* BestEffectTests.m */; };
		C7BDF35918B2144D003A1B9E /* MotionEffectViewController.m in Sources */ = {isa = PBXBuildFile; fileRef = C7BDF35818B2144D003A1B9E /* MotionEffectViewController.m */; };
		C7BDF35C18B214EE003A1B9E /* bug.png in Resources */ = {isa = PBXBuildFile; fileRef = C7BDF35B18B214EE003A1B9E /* bug.png */; };
		C7BDF36018B31286003A1B9E /* MoveImageViewController.m in Sources */ = {isa = PBXBuildFile; fileRef = C7BDF35F18B31286003A1B9E /* MoveImageViewController.m */; };
		C7BDF36218B314A9003A1B9E /* orionfull_jcc_big.png in Resources */ = {isa = PBXBuildFile; fileRef = C7BDF36118B314A9003A1B9E /* orionfull_jcc_big.png */; };
/* End PBXBuildFile section */

/* Begin PBXContainerItemProxy section */
		C7BDF34018B213B0003A1B9E /* PBXContainerItemProxy */ = {
			isa = PBXContainerItemProxy;
			containerPortal = C7BDF31818B213B0003A1B9E /* Project object */;
			proxyType = 1;
			remoteGlobalIDString = C7BDF31F18B213B0003A1B9E;
			remoteInfo = BestEffect;
		};
/* End PBXContainerItemProxy section */

/* Begin PBXFileReference section */
		C6CE10B312624C739E1FC7F1 /* libPods.a */ = {isa = PBXFileReference; explicitFileType = archive.ar; includeInIndex = 0; path = libPods.a; sourceTree = BUILT_PRODUCTS_DIR; };
		C727658018C0317F00994F96 /* CollectionViewController.h */ = {isa = PBXFileReference; fileEncoding = 4; lastKnownFileType = sourcecode.c.h; name = CollectionViewController.h; path = Source/Module/Collection/CollectionViewController.h; sourceTree = "<group>"; };
		C727658118C0317F00994F96 /* CollectionViewController.m */ = {isa = PBXFileReference; fileEncoding = 4; lastKnownFileType = sourcecode.c.objc; name = CollectionViewController.m; path = Source/Module/Collection/CollectionViewController.m; sourceTree = "<group>"; };
		C727658318C0320E00994F96 /* CollectionCell.h */ = {isa = PBXFileReference; fileEncoding = 4; lastKnownFileType = sourcecode.c.h; name = CollectionCell.h; path = Source/Module/Collection/CollectionCell.h; sourceTree = "<group>"; };
		C727658418C0320E00994F96 /* CollectionCell.m */ = {isa = PBXFileReference; fileEncoding = 4; lastKnownFileType = sourcecode.c.objc; name = CollectionCell.m; path = Source/Module/Collection/CollectionCell.m; sourceTree = "<group>"; };
		C727658618C033ED00994F96 /* UltraCollectionViewLayout.h */ = {isa = PBXFileReference; fileEncoding = 4; lastKnownFileType = sourcecode.c.h; name = UltraCollectionViewLayout.h; path = Source/Module/Collection/UltraCollectionViewLayout.h; sourceTree = "<group>"; };
		C727658718C033ED00994F96 /* UltraCollectionViewLayout.m */ = {isa = PBXFileReference; fileEncoding = 4; lastKnownFileType = sourcecode.c.objc; name = UltraCollectionViewLayout.m; path = Source/Module/Collection/UltraCollectionViewLayout.m; sourceTree = "<group>"; };
		C727658918C0724B00994F96 /* CollectionFooterView.h */ = {isa = PBXFileReference; fileEncoding = 4; lastKnownFileType = sourcecode.c.h; name = CollectionFooterView.h; path = Source/Module/Collection/CollectionFooterView.h; sourceTree = "<group>"; };
		C727658A18C0724B00994F96 /* CollectionFooterView.m */ = {isa = PBXFileReference; fileEncoding = 4; lastKnownFileType = sourcecode.c.objc; name = CollectionFooterView.m; path = Source/Module/Collection/CollectionFooterView.m; sourceTree = "<group>"; };
		C7BDF32018B213B0003A1B9E /* BestEffect.app */ = {isa = PBXFileReference; explicitFileType = wrapper.application; includeInIndex = 0; path = BestEffect.app; sourceTree = BUILT_PRODUCTS_DIR; };
		C7BDF32318B213B0003A1B9E /* Foundation.framework */ = {isa = PBXFileReference; lastKnownFileType = wrapper.framework; name = Foundation.framework; path = System/Library/Frameworks/Foundation.framework; sourceTree = SDKROOT; };
		C7BDF32518B213B0003A1B9E /* CoreGraphics.framework */ = {isa = PBXFileReference; lastKnownFileType = wrapper.framework; name = CoreGraphics.framework; path = System/Library/Frameworks/CoreGraphics.framework; sourceTree = SDKROOT; };
		C7BDF32718B213B0003A1B9E /* UIKit.framework */ = {isa = PBXFileReference; lastKnownFileType = wrapper.framework; name = UIKit.framework; path = System/Library/Frameworks/UIKit.framework; sourceTree = SDKROOT; };
		C7BDF32B18B213B0003A1B9E /* BestEffect-Info.plist */ = {isa = PBXFileReference; lastKnownFileType = text.plist.xml; path = "BestEffect-Info.plist"; sourceTree = "<group>"; };
		C7BDF32D18B213B0003A1B9E /* en */ = {isa = PBXFileReference; lastKnownFileType = text.plist.strings; name = en; path = en.lproj/InfoPlist.strings; sourceTree = "<group>"; };
		C7BDF32F18B213B0003A1B9E /* main.m */ = {isa = PBXFileReference; lastKnownFileType = sourcecode.c.objc; path = main.m; sourceTree = "<group>"; };
		C7BDF33118B213B0003A1B9E /* BestEffect-Prefix.pch */ = {isa = PBXFileReference; lastKnownFileType = sourcecode.c.h; path = "BestEffect-Prefix.pch"; sourceTree = "<group>"; };
		C7BDF33218B213B0003A1B9E /* AppDelegate.h */ = {isa = PBXFileReference; lastKnownFileType = sourcecode.c.h; path = AppDelegate.h; sourceTree = "<group>"; };
		C7BDF33318B213B0003A1B9E /* AppDelegate.m */ = {isa = PBXFileReference; lastKnownFileType = sourcecode.c.objc; path = AppDelegate.m; sourceTree = "<group>"; };
		C7BDF33518B213B0003A1B9E /* Images.xcassets */ = {isa = PBXFileReference; lastKnownFileType = folder.assetcatalog; path = Images.xcassets; sourceTree = "<group>"; };
		C7BDF33B18B213B0003A1B9E /* BestEffectTests.xctest */ = {isa = PBXFileReference; explicitFileType = wrapper.cfbundle; includeInIndex = 0; path = BestEffectTests.xctest; sourceTree = BUILT_PRODUCTS_DIR; };
		C7BDF33C18B213B0003A1B9E /* XCTest.framework */ = {isa = PBXFileReference; lastKnownFileType = wrapper.framework; name = XCTest.framework; path = Library/Frameworks/XCTest.framework; sourceTree = DEVELOPER_DIR; };
		C7BDF34418B213B0003A1B9E /* BestEffectTests-Info.plist */ = {isa = PBXFileReference; lastKnownFileType = text.plist.xml; path = "BestEffectTests-Info.plist"; sourceTree = "<group>"; };
		C7BDF34618B213B0003A1B9E /* en */ = {isa = PBXFileReference; lastKnownFileType = text.plist.strings; name = en; path = en.lproj/InfoPlist.strings; sourceTree = "<group>"; };
		C7BDF34818B213B0003A1B9E /* BestEffectTests.m */ = {isa = PBXFileReference; lastKnownFileType = sourcecode.c.objc; path = BestEffectTests.m; sourceTree = "<group>"; };
		C7BDF35718B2144D003A1B9E /* MotionEffectViewController.h */ = {isa = PBXFileReference; fileEncoding = 4; lastKnownFileType = sourcecode.c.h; name = MotionEffectViewController.h; path = Source/Module/MotionEffect/MotionEffectViewController.h; sourceTree = "<group>"; };
		C7BDF35818B2144D003A1B9E /* MotionEffectViewController.m */ = {isa = PBXFileReference; fileEncoding = 4; lastKnownFileType = sourcecode.c.objc; name = MotionEffectViewController.m; path = Source/Module/MotionEffect/MotionEffectViewController.m; sourceTree = "<group>"; };
		C7BDF35B18B214EE003A1B9E /* bug.png */ = {isa = PBXFileReference; lastKnownFileType = image.png; name = bug.png; path = Resource/images/bug.png; sourceTree = "<group>"; };
		C7BDF35E18B31286003A1B9E /* MoveImageViewController.h */ = {isa = PBXFileReference; fileEncoding = 4; lastKnownFileType = sourcecode.c.h; name = MoveImageViewController.h; path = Source/Module/Paper/MoveImageViewController.h; sourceTree = "<group>"; };
		C7BDF35F18B31286003A1B9E /* MoveImageViewController.m */ = {isa = PBXFileReference; fileEncoding = 4; lastKnownFileType = sourcecode.c.objc; name = MoveImageViewController.m; path = Source/Module/Paper/MoveImageViewController.m; sourceTree = "<group>"; };
		C7BDF36118B314A9003A1B9E /* orionfull_jcc_big.png */ = {isa = PBXFileReference; lastKnownFileType = image.png; name = orionfull_jcc_big.png; path = Resource/images/orionfull_jcc_big.png; sourceTree = "<group>"; };
		EB9F5CD1AF634D1699C42D47 /* Pods.xcconfig */ = {isa = PBXFileReference; includeInIndex = 1; lastKnownFileType = text.xcconfig; name = Pods.xcconfig; path = Pods/Pods.xcconfig; sourceTree = "<group>"; };
/* End PBXFileReference section */

/* Begin PBXFrameworksBuildPhase section */
		C7BDF31D18B213B0003A1B9E /* Frameworks */ = {
			isa = PBXFrameworksBuildPhase;
			buildActionMask = 2147483647;
			files = (
				C7BDF32618B213B0003A1B9E /* CoreGraphics.framework in Frameworks */,
				C7BDF32818B213B0003A1B9E /* UIKit.framework in Frameworks */,
				C7BDF32418B213B0003A1B9E /* Foundation.framework in Frameworks */,
				3957D2FBE114472B9DB3C0C0 /* libPods.a in Frameworks */,
			);
			runOnlyForDeploymentPostprocessing = 0;
		};
		C7BDF33818B213B0003A1B9E /* Frameworks */ = {
			isa = PBXFrameworksBuildPhase;
			buildActionMask = 2147483647;
			files = (
				C7BDF33D18B213B0003A1B9E /* XCTest.framework in Frameworks */,
				C7BDF33F18B213B0003A1B9E /* UIKit.framework in Frameworks */,
				C7BDF33E18B213B0003A1B9E /* Foundation.framework in Frameworks */,
			);
			runOnlyForDeploymentPostprocessing = 0;
		};
/* End PBXFrameworksBuildPhase section */

/* Begin PBXGroup section */
		C727657F18C0316100994F96 /* Collection */ = {
			isa = PBXGroup;
			children = (
				C727658018C0317F00994F96 /* CollectionViewController.h */,
				C727658118C0317F00994F96 /* CollectionViewController.m */,
				C727658318C0320E00994F96 /* CollectionCell.h */,
				C727658418C0320E00994F96 /* CollectionCell.m */,
				C727658618C033ED00994F96 /* UltraCollectionViewLayout.h */,
				C727658718C033ED00994F96 /* UltraCollectionViewLayout.m */,
				C727658918C0724B00994F96 /* CollectionFooterView.h */,
				C727658A18C0724B00994F96 /* CollectionFooterView.m */,
			);
			name = Collection;
			sourceTree = "<group>";
		};
		C7BDF31718B213B0003A1B9E = {
			isa = PBXGroup;
			children = (
				C7BDF32918B213B0003A1B9E /* BestEffect */,
				C7BDF34218B213B0003A1B9E /* BestEffectTests */,
				C7BDF32218B213B0003A1B9E /* Frameworks */,
				C7BDF32118B213B0003A1B9E /* Products */,
				EB9F5CD1AF634D1699C42D47 /* Pods.xcconfig */,
			);
			sourceTree = "<group>";
		};
		C7BDF32118B213B0003A1B9E /* Products */ = {
			isa = PBXGroup;
			children = (
				C7BDF32018B213B0003A1B9E /* BestEffect.app */,
				C7BDF33B18B213B0003A1B9E /* BestEffectTests.xctest */,
			);
			name = Products;
			sourceTree = "<group>";
		};
		C7BDF32218B213B0003A1B9E /* Frameworks */ = {
			isa = PBXGroup;
			children = (
				C7BDF32318B213B0003A1B9E /* Foundation.framework */,
				C7BDF32518B213B0003A1B9E /* CoreGraphics.framework */,
				C7BDF32718B213B0003A1B9E /* UIKit.framework */,
				C7BDF33C18B213B0003A1B9E /* XCTest.framework */,
				C6CE10B312624C739E1FC7F1 /* libPods.a */,
			);
			name = Frameworks;
			sourceTree = "<group>";
		};
		C7BDF32918B213B0003A1B9E /* BestEffect */ = {
			isa = PBXGroup;
			children = (
				C7BDF35318B213D7003A1B9E /* Resource */,
				C7BDF35218B213CE003A1B9E /* Source */,
				C7BDF33518B213B0003A1B9E /* Images.xcassets */,
				C7BDF32A18B213B0003A1B9E /* Supporting Files */,
			);
			path = BestEffect;
			sourceTree = "<group>";
		};
		C7BDF32A18B213B0003A1B9E /* Supporting Files */ = {
			isa = PBXGroup;
			children = (
				C7BDF32B18B213B0003A1B9E /* BestEffect-Info.plist */,
				C7BDF32C18B213B0003A1B9E /* InfoPlist.strings */,
				C7BDF32F18B213B0003A1B9E /* main.m */,
				C7BDF33118B213B0003A1B9E /* BestEffect-Prefix.pch */,
			);
			name = "Supporting Files";
			sourceTree = "<group>";
		};
		C7BDF34218B213B0003A1B9E /* BestEffectTests */ = {
			isa = PBXGroup;
			children = (
				C7BDF34818B213B0003A1B9E /* BestEffectTests.m */,
				C7BDF34318B213B0003A1B9E /* Supporting Files */,
			);
			path = BestEffectTests;
			sourceTree = "<group>";
		};
		C7BDF34318B213B0003A1B9E /* Supporting Files */ = {
			isa = PBXGroup;
			children = (
				C7BDF34418B213B0003A1B9E /* BestEffectTests-Info.plist */,
				C7BDF34518B213B0003A1B9E /* InfoPlist.strings */,
			);
			name = "Supporting Files";
			sourceTree = "<group>";
		};
		C7BDF35218B213CE003A1B9E /* Source */ = {
			isa = PBXGroup;
			children = (
				C7BDF35518B213E5003A1B9E /* Module */,
				C7BDF35418B213DF003A1B9E /* App */,
			);
			name = Source;
			sourceTree = "<group>";
		};
		C7BDF35318B213D7003A1B9E /* Resource */ = {
			isa = PBXGroup;
			children = (
				C7BDF35A18B214E3003A1B9E /* images */,
			);
			name = Resource;
			sourceTree = "<group>";
		};
		C7BDF35418B213DF003A1B9E /* App */ = {
			isa = PBXGroup;
			children = (
				C7BDF33218B213B0003A1B9E /* AppDelegate.h */,
				C7BDF33318B213B0003A1B9E /* AppDelegate.m */,
			);
			name = App;
			sourceTree = "<group>";
		};
		C7BDF35518B213E5003A1B9E /* Module */ = {
			isa = PBXGroup;
			children = (
				C727657F18C0316100994F96 /* Collection */,
				C7BDF35D18B31266003A1B9E /* Paper */,
				C7BDF35618B21405003A1B9E /* MotionEffect */,
			);
			name = Module;
			sourceTree = "<group>";
		};
		C7BDF35618B21405003A1B9E /* MotionEffect */ = {
			isa = PBXGroup;
			children = (
				C7BDF35718B2144D003A1B9E /* MotionEffectViewController.h */,
				C7BDF35818B2144D003A1B9E /* MotionEffectViewController.m */,
			);
			name = MotionEffect;
			sourceTree = "<group>";
		};
		C7BDF35A18B214E3003A1B9E /* images */ = {
			isa = PBXGroup;
			children = (
				C7BDF36118B314A9003A1B9E /* orionfull_jcc_big.png */,
				C7BDF35B18B214EE003A1B9E /* bug.png */,
			);
			name = images;
			sourceTree = "<group>";
		};
		C7BDF35D18B31266003A1B9E /* Paper */ = {
			isa = PBXGroup;
			children = (
				C7BDF35E18B31286003A1B9E /* MoveImageViewController.h */,
				C7BDF35F18B31286003A1B9E /* MoveImageViewController.m */,
			);
			name = Paper;
			sourceTree = "<group>";
		};
/* End PBXGroup section */

/* Begin PBXNativeTarget section */
		C7BDF31F18B213B0003A1B9E /* BestEffect */ = {
			isa = PBXNativeTarget;
			buildConfigurationList = C7BDF34C18B213B0003A1B9E /* Build configuration list for PBXNativeTarget "BestEffect" */;
			buildPhases = (
				393E3198C3224E9DA6DBBE02 /* Check Pods Manifest.lock */,
				C7BDF31C18B213B0003A1B9E /* Sources */,
				C7BDF31D18B213B0003A1B9E /* Frameworks */,
				C7BDF31E18B213B0003A1B9E /* Resources */,
				94BFA969845D4EA8A0511C46 /* Copy Pods Resources */,
			);
			buildRules = (
			);
			dependencies = (
			);
			name = BestEffect;
			productName = BestEffect;
			productReference = C7BDF32018B213B0003A1B9E /* BestEffect.app */;
			productType = "com.apple.product-type.application";
		};
		C7BDF33A18B213B0003A1B9E /* BestEffectTests */ = {
			isa = PBXNativeTarget;
			buildConfigurationList = C7BDF34F18B213B0003A1B9E /* Build configuration list for PBXNativeTarget "BestEffectTests" */;
			buildPhases = (
				C7BDF33718B213B0003A1B9E /* Sources */,
				C7BDF33818B213B0003A1B9E /* Frameworks */,
				C7BDF33918B213B0003A1B9E /* Resources */,
			);
			buildRules = (
			);
			dependencies = (
				C7BDF34118B213B0003A1B9E /* PBXTargetDependency */,
			);
			name = BestEffectTests;
			productName = BestEffectTests;
			productReference = C7BDF33B18B213B0003A1B9E /* BestEffectTests.xctest */;
			productType = "com.apple.product-type.bundle.unit-test";
		};
/* End PBXNativeTarget section */

/* Begin PBXProject section */
		C7BDF31818B213B0003A1B9E /* Project object */ = {
			isa = PBXProject;
			attributes = {
				LastUpgradeCheck = 0500;
				ORGANIZATIONNAME = douban;
				TargetAttributes = {
					C7BDF33A18B213B0003A1B9E = {
						TestTargetID = C7BDF31F18B213B0003A1B9E;
					};
				};
			};
			buildConfigurationList = C7BDF31B18B213B0003A1B9E /* Build configuration list for PBXProject "BestEffect" */;
			compatibilityVersion = "Xcode 3.2";
			developmentRegion = English;
			hasScannedForEncodings = 0;
			knownRegions = (
				en,
			);
			mainGroup = C7BDF31718B213B0003A1B9E;
			productRefGroup = C7BDF32118B213B0003A1B9E /* Products */;
			projectDirPath = "";
			projectRoot = "";
			targets = (
				C7BDF31F18B213B0003A1B9E /* BestEffect */,
				C7BDF33A18B213B0003A1B9E /* BestEffectTests */,
			);
		};
/* End PBXProject section */

/* Begin PBXResourcesBuildPhase section */
		C7BDF31E18B213B0003A1B9E /* Resources */ = {
			isa = PBXResourcesBuildPhase;
			buildActionMask = 2147483647;
			files = (
				C7BDF35C18B214EE003A1B9E /* bug.png in Resources */,
				C7BDF32E18B213B0003A1B9E /* InfoPlist.strings in Resources */,
				C7BDF36218B314A9003A1B9E /* orionfull_jcc_big.png in Resources */,
				C7BDF33618B213B0003A1B9E /* Images.xcassets in Resources */,
			);
			runOnlyForDeploymentPostprocessing = 0;
		};
		C7BDF33918B213B0003A1B9E /* Resources */ = {
			isa = PBXResourcesBuildPhase;
			buildActionMask = 2147483647;
			files = (
				C7BDF34718B213B0003A1B9E /* InfoPlist.strings in Resources */,
			);
			runOnlyForDeploymentPostprocessing = 0;
		};
/* End PBXResourcesBuildPhase section */

/* Begin PBXShellScriptBuildPhase section */
		393E3198C3224E9DA6DBBE02 /* Check Pods Manifest.lock */ = {
			isa = PBXShellScriptBuildPhase;
			buildActionMask = 2147483647;
			files = (
			);
			inputPaths = (
			);
			name = "Check Pods Manifest.lock";
			outputPaths = (
			);
			runOnlyForDeploymentPostprocessing = 0;
			shellPath = /bin/sh;
			shellScript = "diff \"${PODS_ROOT}/../Podfile.lock\" \"${PODS_ROOT}/Manifest.lock\" > /dev/null\nif [[ $? != 0 ]] ; then\n    cat << EOM\nerror: The sandbox is not in sync with the Podfile.lock. Run 'pod install' or update your CocoaPods installation.\nEOM\n    exit 1\nfi\n";
			showEnvVarsInLog = 0;
		};
		94BFA969845D4EA8A0511C46 /* Copy Pods Resources */ = {
			isa = PBXShellScriptBuildPhase;
			buildActionMask = 2147483647;
			files = (
			);
			inputPaths = (
			);
			name = "Copy Pods Resources";
			outputPaths = (
			);
			runOnlyForDeploymentPostprocessing = 0;
			shellPath = /bin/sh;
			shellScript = "\"${SRCROOT}/Pods/Pods-resources.sh\"\n";
			showEnvVarsInLog = 0;
		};
/* End PBXShellScriptBuildPhase section */

/* Begin PBXSourcesBuildPhase section */
		C7BDF31C18B213B0003A1B9E /* Sources */ = {
			isa = PBXSourcesBuildPhase;
			buildActionMask = 2147483647;
			files = (
				C7BDF35918B2144D003A1B9E /* MotionEffectViewController.m in Sources */,
				C7BDF36018B31286003A1B9E /* MoveImageViewController.m in Sources */,
				C7BDF33418B213B0003A1B9E /* AppDelegate.m in Sources */,
				C727658818C033ED00994F96 /* UltraCollectionViewLayout.m in Sources */,
				C727658518C0320E00994F96 /* CollectionCell.m in Sources */,
				C727658218C0317F00994F96 /* CollectionViewController.m in Sources */,
				C7BDF33018B213B0003A1B9E /* main.m in Sources */,
				C727658B18C0724B00994F96 /* CollectionFooterView.m in Sources */,
			);
			runOnlyForDeploymentPostprocessing = 0;
		};
		C7BDF33718B213B0003A1B9E /* Sources */ = {
			isa = PBXSourcesBuildPhase;
			buildActionMask = 2147483647;
			files = (
				C7BDF34918B213B0003A1B9E /* BestEffectTests.m in Sources */,
			);
			runOnlyForDeploymentPostprocessing = 0;
		};
/* End PBXSourcesBuildPhase section */

/* Begin PBXTargetDependency section */
		C7BDF34118B213B0003A1B9E /* PBXTargetDependency */ = {
			isa = PBXTargetDependency;
			target = C7BDF31F18B213B0003A1B9E /* BestEffect */;
			targetProxy = C7BDF34018B213B0003A1B9E /* PBXContainerItemProxy */;
		};
/* End PBXTargetDependency section */

/* Begin PBXVariantGroup section */
		C7BDF32C18B213B0003A1B9E /* InfoPlist.strings */ = {
			isa = PBXVariantGroup;
			children = (
				C7BDF32D18B213B0003A1B9E /* en */,
			);
			name = InfoPlist.strings;
			sourceTree = "<group>";
		};
		C7BDF34518B213B0003A1B9E /* InfoPlist.strings */ = {
			isa = PBXVariantGroup;
			children = (
				C7BDF34618B213B0003A1B9E /* en */,
			);
			name = InfoPlist.strings;
			sourceTree = "<group>";
		};
/* End PBXVariantGroup section */

/* Begin XCBuildConfiguration section */
		C7BDF34A18B213B0003A1B9E /* Debug */ = {
			isa = XCBuildConfiguration;
			buildSettings = {
				ALWAYS_SEARCH_USER_PATHS = NO;
				ARCHS = "$(ARCHS_STANDARD_INCLUDING_64_BIT)";
				CLANG_CXX_LANGUAGE_STANDARD = "gnu++0x";
				CLANG_CXX_LIBRARY = "libc++";
				CLANG_ENABLE_MODULES = YES;
				CLANG_ENABLE_OBJC_ARC = YES;
				CLANG_WARN_BOOL_CONVERSION = YES;
				CLANG_WARN_CONSTANT_CONVERSION = YES;
				CLANG_WARN_DIRECT_OBJC_ISA_USAGE = YES_ERROR;
				CLANG_WARN_EMPTY_BODY = YES;
				CLANG_WARN_ENUM_CONVERSION = YES;
				CLANG_WARN_INT_CONVERSION = YES;
				CLANG_WARN_OBJC_ROOT_CLASS = YES_ERROR;
				CLANG_WARN__DUPLICATE_METHOD_MATCH = YES;
				"CODE_SIGN_IDENTITY[sdk=iphoneos*]" = "iPhone Developer";
				COPY_PHASE_STRIP = NO;
				GCC_C_LANGUAGE_STANDARD = gnu99;
				GCC_DYNAMIC_NO_PIC = NO;
				GCC_OPTIMIZATION_LEVEL = 0;
				GCC_PREPROCESSOR_DEFINITIONS = (
					"DEBUG=1",
					"$(inherited)",
				);
				GCC_SYMBOLS_PRIVATE_EXTERN = NO;
				GCC_WARN_64_TO_32_BIT_CONVERSION = YES;
				GCC_WARN_ABOUT_RETURN_TYPE = YES_ERROR;
				GCC_WARN_UNDECLARED_SELECTOR = YES;
				GCC_WARN_UNINITIALIZED_AUTOS = YES;
				GCC_WARN_UNUSED_FUNCTION = YES;
				GCC_WARN_UNUSED_VARIABLE = YES;
				IPHONEOS_DEPLOYMENT_TARGET = 7.0;
				ONLY_ACTIVE_ARCH = YES;
				SDKROOT = iphoneos;
				TARGETED_DEVICE_FAMILY = "1,2";
			};
			name = Debug;
		};
		C7BDF34B18B213B0003A1B9E /* Release */ = {
			isa = XCBuildConfiguration;
			buildSettings = {
				ALWAYS_SEARCH_USER_PATHS = NO;
				ARCHS = "$(ARCHS_STANDARD_INCLUDING_64_BIT)";
				CLANG_CXX_LANGUAGE_STANDARD = "gnu++0x";
				CLANG_CXX_LIBRARY = "libc++";
				CLANG_ENABLE_MODULES = YES;
				CLANG_ENABLE_OBJC_ARC = YES;
				CLANG_WARN_BOOL_CONVERSION = YES;
				CLANG_WARN_CONSTANT_CONVERSION = YES;
				CLANG_WARN_DIRECT_OBJC_ISA_USAGE = YES_ERROR;
				CLANG_WARN_EMPTY_BODY = YES;
				CLANG_WARN_ENUM_CONVERSION = YES;
				CLANG_WARN_INT_CONVERSION = YES;
				CLANG_WARN_OBJC_ROOT_CLASS = YES_ERROR;
				CLANG_WARN__DUPLICATE_METHOD_MATCH = YES;
				"CODE_SIGN_IDENTITY[sdk=iphoneos*]" = "iPhone Developer";
				COPY_PHASE_STRIP = YES;
				ENABLE_NS_ASSERTIONS = NO;
				GCC_C_LANGUAGE_STANDARD = gnu99;
				GCC_WARN_64_TO_32_BIT_CONVERSION = YES;
				GCC_WARN_ABOUT_RETURN_TYPE = YES_ERROR;
				GCC_WARN_UNDECLARED_SELECTOR = YES;
				GCC_WARN_UNINITIALIZED_AUTOS = YES;
				GCC_WARN_UNUSED_FUNCTION = YES;
				GCC_WARN_UNUSED_VARIABLE = YES;
				IPHONEOS_DEPLOYMENT_TARGET = 7.0;
				SDKROOT = iphoneos;
				TARGETED_DEVICE_FAMILY = "1,2";
				VALIDATE_PRODUCT = YES;
			};
			name = Release;
		};
		C7BDF34D18B213B0003A1B9E /* Debug */ = {
			isa = XCBuildConfiguration;
			baseConfigurationReference = EB9F5CD1AF634D1699C42D47 /* Pods.xcconfig */;
			buildSettings = {
				ASSETCATALOG_COMPILER_APPICON_NAME = AppIcon;
				ASSETCATALOG_COMPILER_LAUNCHIMAGE_NAME = LaunchImage;
				GCC_PRECOMPILE_PREFIX_HEADER = YES;
				GCC_PREFIX_HEADER = "BestEffect/BestEffect-Prefix.pch";
				HEADER_SEARCH_PATHS = "$(inherited)";
				INFOPLIST_FILE = "BestEffect/BestEffect-Info.plist";
				OTHER_LDFLAGS = "$(inherited)";
				PRODUCT_NAME = "$(TARGET_NAME)";
				USER_HEADER_SEARCH_PATHS = "./**";
				WRAPPER_EXTENSION = app;
			};
			name = Debug;
		};
		C7BDF34E18B213B0003A1B9E /* Release */ = {
			isa = XCBuildConfiguration;
			baseConfigurationReference = EB9F5CD1AF634D1699C42D47 /* Pods.xcconfig */;
			buildSettings = {
				ASSETCATALOG_COMPILER_APPICON_NAME = AppIcon;
				ASSETCATALOG_COMPILER_LAUNCHIMAGE_NAME = LaunchImage;
				GCC_PRECOMPILE_PREFIX_HEADER = YES;
				GCC_PREFIX_HEADER = "BestEffect/BestEffect-Prefix.pch";
				HEADER_SEARCH_PATHS = "$(inherited)";
				INFOPLIST_FILE = "BestEffect/BestEffect-Info.plist";
				OTHER_LDFLAGS = "$(inherited)";
				PRODUCT_NAME = "$(TARGET_NAME)";
				USER_HEADER_SEARCH_PATHS = "./**";
				WRAPPER_EXTENSION = app;
			};
			name = Release;
		};
		C7BDF35018B213B0003A1B9E /* Debug */ = {
			isa = XCBuildConfiguration;
			buildSettings = {
				ARCHS = "$(ARCHS_STANDARD_INCLUDING_64_BIT)";
				BUNDLE_LOADER = "$(BUILT_PRODUCTS_DIR)/BestEffect.app/BestEffect";
				FRAMEWORK_SEARCH_PATHS = (
					"$(SDKROOT)/Developer/Library/Frameworks",
					"$(inherited)",
					"$(DEVELOPER_FRAMEWORKS_DIR)",
				);
				GCC_PRECOMPILE_PREFIX_HEADER = YES;
				GCC_PREFIX_HEADER = "BestEffect/BestEffect-Prefix.pch";
				GCC_PREPROCESSOR_DEFINITIONS = (
					"DEBUG=1",
					"$(inherited)",
				);
				INFOPLIST_FILE = "BestEffectTests/BestEffectTests-Info.plist";
				PRODUCT_NAME = "$(TARGET_NAME)";
				TEST_HOST = "$(BUNDLE_LOADER)";
				WRAPPER_EXTENSION = xctest;
			};
			name = Debug;
		};
		C7BDF35118B213B0003A1B9E /* Release */ = {
			isa = XCBuildConfiguration;
			buildSettings = {
				ARCHS = "$(ARCHS_STANDARD_INCLUDING_64_BIT)";
				BUNDLE_LOADER = "$(BUILT_PRODUCTS_DIR)/BestEffect.app/BestEffect";
				FRAMEWORK_SEARCH_PATHS = (
					"$(SDKROOT)/Developer/Library/Frameworks",
					"$(inherited)",
					"$(DEVELOPER_FRAMEWORKS_DIR)",
				);
				GCC_PRECOMPILE_PREFIX_HEADER = YES;
				GCC_PREFIX_HEADER = "BestEffect/BestEffect-Prefix.pch";
				INFOPLIST_FILE = "BestEffectTests/BestEffectTests-Info.plist";
				PRODUCT_NAME = "$(TARGET_NAME)";
				TEST_HOST = "$(BUNDLE_LOADER)";
				WRAPPER_EXTENSION = xctest;
			};
			name = Release;
		};
/* End XCBuildConfiguration section */

/* Begin XCConfigurationList section */
		C7BDF31B18B213B0003A1B9E /* Build configuration list for PBXProject "BestEffect" */ = {
			isa = XCConfigurationList;
			buildConfigurations = (
				C7BDF34A18B213B0003A1B9E /* Debug */,
				C7BDF34B18B213B0003A1B9E /* Release */,
			);
			defaultConfigurationIsVisible = 0;
			defaultConfigurationName = Release;
		};
		C7BDF34C18B213B0003A1B9E /* Build configuration list for PBXNativeTarget "BestEffect" */ = {
			isa = XCConfigurationList;
			buildConfigurations = (
				C7BDF34D18B213B0003A1B9E /* Debug */,
				C7BDF34E18B213B0003A1B9E /* Release */,
			);
			defaultConfigurationIsVisible = 0;
			defaultConfigurationName = Release;
		};
		C7BDF34F18B213B0003A1B9E /* Build configuration list for PBXNativeTarget "BestEffectTests" */ = {
			isa = XCConfigurationList;
			buildConfigurations = (
				C7BDF35018B213B0003A1B9E /* Debug */,
				C7BDF35118B213B0003A1B9E /* Release */,
			);
			defaultConfigurationIsVisible = 0;
			defaultConfigurationName = Release;
		};
/* End XCConfigurationList section */
	};
	rootObject = C7BDF31818B213B0003A1B9E /* Project object */;
}
